{
  "name": "websitebuilding2024",
  "lockfileVersion": 3,
  "requires": true,
  "packages": {
    "": {
      "dependencies": {
        "particles.js": "^2.0.0",
        "typed.js": "^2.1.0"
      }
    },
    "node_modules/particles.js": {
      "version": "2.0.0",
      "resolved": "https://registry.npmjs.org/particles.js/-/particles.js-2.0.0.tgz",
      "integrity": "sha512-8e0JIqkRbMMPlFBnF9f+92hX1s07jdkd3tqB8uHE9L+cwGGjIYjQM7QLgt0FQ5MZp6SFFYYDm/Y48pqK3ZvJOQ=="
    },
    "node_modules/typed.js": {
      "version": "2.1.0",
      "resolved": "https://registry.npmjs.org/typed.js/-/typed.js-2.1.0.tgz",
      "integrity": "sha512-bDuXEf7YcaKN4g08NMTUM6G90XU25CK3bh6U0THC/Mod/QPKlEt9g/EjvbYB8x2Qwr2p6J6I3NrsoYaVnY6wsQ=="
    }
  }
}
